version: 2.0
shards:
  admiral:
    git: https://github.com/jwaldrip/admiral.cr.git
    version: 1.11.2+git.commit.91df71243271debfeb46fe751b4b9d8892ab6f2d

  clear:
    git: https://github.com/anykeyh/clear.git
    version: 0.9+git.commit.157cf630112bf1690816cc5cfa8051d457f546da

  db:
    git: https://github.com/crystal-lang/crystal-db.git
    version: 0.10.0

  exception_page:
    git: https://github.com/crystal-loot/exception_page.git
    version: 0.1.4

  generate:
    git: https://github.com/anykeyh/generate.cr.git
    version: 0.1.0+git.commit.27a59d663ded8ce39a361e3a88b8dd747f59ce42

  inflector:
    git: https://github.com/phoffer/inflector.cr.git
    version: 0.1.8

  kemal:
    git: https://github.com/kemalcr/kemal.git
    version: 0.27.0

  kilt:
    git: https://github.com/jeromegn/kilt.git
    version: 0.4.0

  pg:
    git: https://github.com/will/crystal-pg.git
    version: 0.23.1+git.commit.cafe039cfd6340a271e81603943bb1975f5a91f5

  radix:
    git: https://github.com/luislavena/radix.git
    version: 0.3.9

